# @generated - this file is auto-generated by `mise lock` https://mise.en.dev/dev-tools/mise-lock.html

[[tools.clojure]]
version = "1.12.4.1618"
backend = "https://github.com/asdf-community/asdf-clojure.git"

[[tools."github:clj-kondo/clj-kondo"]]
version = "2026.04.15"
backend = "github:clj-kondo/clj-kondo"

[tools."github:clj-kondo/clj-kondo"."platforms.linux-arm64"]
checksum = "sha256:de76ed4d754c87f34732dee4b2b1fac4a8fc3168bce45a4770e2457f5d84c1c6"
url = "https://github.com/clj-kondo/clj-kondo/releases/download/v2026.04.15/clj-kondo-2026.04.15-linux-aarch64.zip"
url_api = "https://api.github.com/repos/clj-kondo/clj-kondo/releases/assets/396848752"

[[tools."github:weavejester/cljfmt"]]
version = "0.16.4"
backend = "github:weavejester/cljfmt"

[tools."github:weavejester/cljfmt"."platforms.linux-arm64"]
checksum = "sha256:15ea231fd36d2bb9eff904b065aa19167e2bcc48372208bbca81ffc7f24e083b"
url = "https://github.com/weavejester/cljfmt/releases/download/0.16.4/cljfmt-0.16.4-linux-aarch64.tar.gz"
url_api = "https://api.github.com/repos/weavejester/cljfmt/releases/assets/395485996"

[[tools.java]]
version = "temurin-25.0.2+10.0.LTS"
backend = "core:java"

[tools.java."platforms.linux-arm64"]
checksum = "sha256:a9d73e711d967dc44896d4f430f73a68fd33590dabc29a7f2fb9f593425b854c"
url = "https://github.com/adoptium/temurin25-binaries/releases/download/jdk-25.0.2%2B10/OpenJDK25U-jdk_aarch64_linux_hotspot_25.0.2_10.tar.gz"
